// !$*UTF8*$!
{
	archiveVersion = 1;
	classes = {
	};
	objectVersion = 52;
	objects = {

/* Begin PBXBuildFile section */
		4D0DFF88275E5C9700397BED /* ItalianRulesViewTB.swift in Sources */ = {isa = PBXBuildFile; fileRef = 4D0DFF87275E5C9700397BED /* ItalianRulesViewTB.swift */; };
		4D36EBD52757DDF900761A63 /* BettingConsolleOnPhoneView.swift in Sources */ = {isa = PBXBuildFile; fileRef = 4D36EBD42757DDF900761A63 /* BettingConsolleOnPhoneView.swift */; };
		4D36EBD72759236000761A63 /* BettingConsolleOnPadView.swift in Sources */ = {isa = PBXBuildFile; fileRef = 4D36EBD62759236000761A63 /* BettingConsolleOnPadView.swift */; };
		4D3CD02327626D2F0067A3CD /* FirebaseFirestore in Frameworks */ = {isa = PBXBuildFile; productRef = 4D3CD02227626D2F0067A3CD /* FirebaseFirestore */; };
		4D57BDEF270EFA7F00778D08 /* FondoTableView.swift in Sources */ = {isa = PBXBuildFile; fileRef = 4D57BDEE270EFA7F00778D08 /* FondoTableView.swift */; };
		4D5AAE5B271DD890008CC999 /* OpenBettingConsolleOnPhoneView.swift in Sources */ = {isa = PBXBuildFile; fileRef = 4D5AAE5A271DD890008CC999 /* OpenBettingConsolleOnPhoneView.swift */; };
		4D5AAE5D271DDB47008CC999 /* OpenBettingConsolleOnPadView.swift in Sources */ = {isa = PBXBuildFile; fileRef = 4D5AAE5C271DDB46008CC999 /* OpenBettingConsolleOnPadView.swift */; };
		4D5AAE60271DDC14008CC999 /* PotOnPhoneView.swift in Sources */ = {isa = PBXBuildFile; fileRef = 4D5AAE5F271DDC14008CC999 /* PotOnPhoneView.swift */; };
		4D5AAE62271DDC32008CC999 /* PotOnPadView.swift in Sources */ = {isa = PBXBuildFile; fileRef = 4D5AAE61271DDC32008CC999 /* PotOnPadView.swift */; };
		4D5AAE64271DDC70008CC999 /* StatRectangleOnTopView.swift in Sources */ = {isa = PBXBuildFile; fileRef = 4D5AAE63271DDC70008CC999 /* StatRectangleOnTopView.swift */; };
		4D5AAE66271DDCA9008CC999 /* ScoreView.swift in Sources */ = {isa = PBXBuildFile; fileRef = 4D5AAE65271DDCA9008CC999 /* ScoreView.swift */; };
		4D5AAE68271DDD02008CC999 /* ButtonConsolleView.swift in Sources */ = {isa = PBXBuildFile; fileRef = 4D5AAE67271DDD02008CC999 /* ButtonConsolleView.swift */; };
		4D61A7A227455A9900ECA297 /* ContentView.swift in Sources */ = {isa = PBXBuildFile; fileRef = 4D61A7A127455A9900ECA297 /* ContentView.swift */; };
		4D61A7A42745621800ECA297 /* TimeBankView.swift in Sources */ = {isa = PBXBuildFile; fileRef = 4D61A7A32745621800ECA297 /* TimeBankView.swift */; };
		4D61A7AB274566B900ECA297 /* AlgoritmoTB.swift in Sources */ = {isa = PBXBuildFile; fileRef = 4D61A7AA274566B900ECA297 /* AlgoritmoTB.swift */; };
		4D61A7AE27456CD200ECA297 /* GameActionTB.swift in Sources */ = {isa = PBXBuildFile; fileRef = 4D61A7AD27456CD200ECA297 /* GameActionTB.swift */; };
		4D61A7B127456FDF00ECA297 /* ButtonConsolleViewTB.swift in Sources */ = {isa = PBXBuildFile; fileRef = 4D61A7B027456FDF00ECA297 /* ButtonConsolleViewTB.swift */; };
		4D61A7B4274570C800ECA297 /* AllCardsAvaibleTB.swift in Sources */ = {isa = PBXBuildFile; fileRef = 4D61A7B3274570C800ECA297 /* AllCardsAvaibleTB.swift */; };
		4D61A7B62746BAC100ECA297 /* BestScoreOverlayViewTB.swift in Sources */ = {isa = PBXBuildFile; fileRef = 4D61A7B52746BAC100ECA297 /* BestScoreOverlayViewTB.swift */; };
		4D61A7B82746C7B800ECA297 /* ScoreViewTB.swift in Sources */ = {isa = PBXBuildFile; fileRef = 4D61A7B72746C7B800ECA297 /* ScoreViewTB.swift */; };
		4D72A7E0272AF20A00237A04 /* PayOutView.swift in Sources */ = {isa = PBXBuildFile; fileRef = 4D72A7DF272AF20A00237A04 /* PayOutView.swift */; };
		4D72A7E5272AFE2F00237A04 /* SoundManager.swift in Sources */ = {isa = PBXBuildFile; fileRef = 4D72A7E4272AFE2F00237A04 /* SoundManager.swift */; };
		4D72A7FF272DA28A00237A04 /* BankRollOverlayView.swift in Sources */ = {isa = PBXBuildFile; fileRef = 4D72A7FE272DA28A00237A04 /* BankRollOverlayView.swift */; };
		4D72A801272EAD1700237A04 /* RulesOverlayView.swift in Sources */ = {isa = PBXBuildFile; fileRef = 4D72A800272EAD1700237A04 /* RulesOverlayView.swift */; };
		4D72A804272EAFFB00237A04 /* GameKit.framework in Frameworks */ = {isa = PBXBuildFile; fileRef = 4D72A803272EAFFB00237A04 /* GameKit.framework */; };
		4D72A807272F0AC000237A04 /* EnglishRulesView.swift in Sources */ = {isa = PBXBuildFile; fileRef = 4D72A806272F0AC000237A04 /* EnglishRulesView.swift */; };
		4D72A809272F0B0800237A04 /* ItalianRulesView.swift in Sources */ = {isa = PBXBuildFile; fileRef = 4D72A808272F0B0800237A04 /* ItalianRulesView.swift */; };
		4D72A80B272F0B1C00237A04 /* FrenchRulesView.swift in Sources */ = {isa = PBXBuildFile; fileRef = 4D72A80A272F0B1C00237A04 /* FrenchRulesView.swift */; };
		4D72A80D272F0B2B00237A04 /* ChinaRulesView.swift in Sources */ = {isa = PBXBuildFile; fileRef = 4D72A80C272F0B2B00237A04 /* ChinaRulesView.swift */; };
		4D72A80F272F10E800237A04 /* SpanishRulesView.swift in Sources */ = {isa = PBXBuildFile; fileRef = 4D72A80E272F10E800237A04 /* SpanishRulesView.swift */; };
		4D72A81127306B0300237A04 /* TesterView.swift in Sources */ = {isa = PBXBuildFile; fileRef = 4D72A81027306B0300237A04 /* TesterView.swift */; };
		4D78A3FD2735DB310025A963 /* GameLevel.swift in Sources */ = {isa = PBXBuildFile; fileRef = 4D78A3FC2735DB310025A963 /* GameLevel.swift */; };
		4D78A3FF2737015E0025A963 /* GheraLivelliView.swift in Sources */ = {isa = PBXBuildFile; fileRef = 4D78A3FE2737015E0025A963 /* GheraLivelliView.swift */; };
		4D83397A27070A600078DD2D /* ChipsView.swift in Sources */ = {isa = PBXBuildFile; fileRef = 4D83397927070A600078DD2D /* ChipsView.swift */; };
		4D85C205271DF0300043857D /* SideMenuButtonsView.swift in Sources */ = {isa = PBXBuildFile; fileRef = 4D85C204271DF0300043857D /* SideMenuButtonsView.swift */; };
		4DAE472E2715EA970097E353 /* PreFlopShufflingCards.swift in Sources */ = {isa = PBXBuildFile; fileRef = 4DAE472D2715EA970097E353 /* PreFlopShufflingCards.swift */; };
		4DAE47302715EAE80097E353 /* AllCardsAvaible.swift in Sources */ = {isa = PBXBuildFile; fileRef = 4DAE472F2715EAE80097E353 /* AllCardsAvaible.swift */; };
		4DAE47332715EB2A0097E353 /* MyCardsView.swift in Sources */ = {isa = PBXBuildFile; fileRef = 4DAE47322715EB2A0097E353 /* MyCardsView.swift */; };
		4DAE47352715EB5E0097E353 /* BoardView.swift in Sources */ = {isa = PBXBuildFile; fileRef = 4DAE47342715EB5E0097E353 /* BoardView.swift */; };
		4DAE47382716262C0097E353 /* Enum&Builder.swift in Sources */ = {isa = PBXBuildFile; fileRef = 4DAE47372716262C0097E353 /* Enum&Builder.swift */; };
		4DAE473A27188BCC0097E353 /* GameAction.swift in Sources */ = {isa = PBXBuildFile; fileRef = 4DAE473927188BCA0097E353 /* GameAction.swift */; };
		4DC35D34275D34ED009E5C9D /* CustomLoadingView.swift in Sources */ = {isa = PBXBuildFile; fileRef = 4DC35D33275D34ED009E5C9D /* CustomLoadingView.swift */; };
		4DC35D36275D382A009E5C9D /* LaunchScreen.storyboard in Resources */ = {isa = PBXBuildFile; fileRef = 4DC35D35275D382A009E5C9D /* LaunchScreen.storyboard */; };
		4DD79E34274C2C6500DCB8DA /* RulesOverlayViewTB.swift in Sources */ = {isa = PBXBuildFile; fileRef = 4DD79E33274C2C6500DCB8DA /* RulesOverlayViewTB.swift */; };
		4DD79E36274C2C8800DCB8DA /* EnglishRulesViewTB.swift in Sources */ = {isa = PBXBuildFile; fileRef = 4DD79E35274C2C8800DCB8DA /* EnglishRulesViewTB.swift */; };
		4DD79E38274D54AB00DCB8DA /* FinalResultOverlayViewTB.swift in Sources */ = {isa = PBXBuildFile; fileRef = 4DD79E37274D54AB00DCB8DA /* FinalResultOverlayViewTB.swift */; };
		4DD79E3A274EC93700DCB8DA /* TimeBankSelectionView.swift in Sources */ = {isa = PBXBuildFile; fileRef = 4DD79E39274EC93700DCB8DA /* TimeBankSelectionView.swift */; };
		4DD79E3C274EC96300DCB8DA /* ClassicGameSelectionView.swift in Sources */ = {isa = PBXBuildFile; fileRef = 4DD79E3B274EC96300DCB8DA /* ClassicGameSelectionView.swift */; };
		4DD79E3E274EDD2700DCB8DA /* ExitButtonViewTB.swift in Sources */ = {isa = PBXBuildFile; fileRef = 4DD79E3D274EDD2700DCB8DA /* ExitButtonViewTB.swift */; };
		4DDAB6AF26FDC50D00E1EA3F /* TexasHoldemApp.swift in Sources */ = {isa = PBXBuildFile; fileRef = 4DDAB6AE26FDC50D00E1EA3F /* TexasHoldemApp.swift */; };
		4DDAB6B326FDC51100E1EA3F /* Assets.xcassets in Resources */ = {isa = PBXBuildFile; fileRef = 4DDAB6B226FDC51100E1EA3F /* Assets.xcassets */; };
		4DDAB6B626FDC51100E1EA3F /* Preview Assets.xcassets in Resources */ = {isa = PBXBuildFile; fileRef = 4DDAB6B526FDC51100E1EA3F /* Preview Assets.xcassets */; };
		4DDAB6BE26FDC55100E1EA3F /* ClassicGameView.swift in Sources */ = {isa = PBXBuildFile; fileRef = 4DDAB6BD26FDC55100E1EA3F /* ClassicGameView.swift */; };
		4DDAB6C026FDD7DE00E1EA3F /* AlgoritmoGioco.swift in Sources */ = {isa = PBXBuildFile; fileRef = 4DDAB6BF26FDD7DE00E1EA3F /* AlgoritmoGioco.swift */; };
		4DE7B01D2766789C003E4633 /* GoogleService-Info.plist in Resources */ = {isa = PBXBuildFile; fileRef = 4DE7B01C2766789C003E4633 /* GoogleService-Info.plist */; };
		4DE7B02127667915003E4633 /* coindrop.mp3 in Resources */ = {isa = PBXBuildFile; fileRef = 4DE7B02027667915003E4633 /* coindrop.mp3 */; };
		4DE7B0232766794A003E4633 /* lose.mp3 in Resources */ = {isa = PBXBuildFile; fileRef = 4DE7B0222766794A003E4633 /* lose.mp3 */; };
		4DE7B02527667963003E4633 /* allin.mp3 in Resources */ = {isa = PBXBuildFile; fileRef = 4DE7B02427667963003E4633 /* allin.mp3 */; };
		4DE7B02727667997003E4633 /* success.mp3 in Resources */ = {isa = PBXBuildFile; fileRef = 4DE7B02627667997003E4633 /* success.mp3 */; };
		4DE7B02B276679EA003E4633 /* cardClip.mp3 in Resources */ = {isa = PBXBuildFile; fileRef = 4DE7B028276679E9003E4633 /* cardClip.mp3 */; };
		4DE7B02C276679EA003E4633 /* check.mp3 in Resources */ = {isa = PBXBuildFile; fileRef = 4DE7B029276679EA003E4633 /* check.mp3 */; };
		4DE7B02D276679EA003E4633 /* cardShuffler.mp3 in Resources */ = {isa = PBXBuildFile; fileRef = 4DE7B02A276679EA003E4633 /* cardShuffler.mp3 */; };
		4DEF954E27220256005B97CE /* FinalResultOverlayView.swift in Sources */ = {isa = PBXBuildFile; fileRef = 4DEF954D27220256005B97CE /* FinalResultOverlayView.swift */; };
/* End PBXBuildFile section */

/* Begin PBXFileReference section */
		4D0DFF87275E5C9700397BED /* ItalianRulesViewTB.swift */ = {isa = PBXFileReference; fileEncoding = 4; lastKnownFileType = sourcecode.swift; path = ItalianRulesViewTB.swift; sourceTree = "<group>"; };
		4D36EBD42757DDF900761A63 /* BettingConsolleOnPhoneView.swift */ = {isa = PBXFileReference; lastKnownFileType = sourcecode.swift; path = BettingConsolleOnPhoneView.swift; sourceTree = "<group>"; };
		4D36EBD62759236000761A63 /* BettingConsolleOnPadView.swift */ = {isa = PBXFileReference; fileEncoding = 4; lastKnownFileType = sourcecode.swift; path = BettingConsolleOnPadView.swift; sourceTree = "<group>"; };
		4D57BDEE270EFA7F00778D08 /* FondoTableView.swift */ = {isa = PBXFileReference; lastKnownFileType = sourcecode.swift; path = FondoTableView.swift; sourceTree = "<group>"; };
		4D5AAE5A271DD890008CC999 /* OpenBettingConsolleOnPhoneView.swift */ = {isa = PBXFileReference; lastKnownFileType = sourcecode.swift; path = OpenBettingConsolleOnPhoneView.swift; sourceTree = "<group>"; };
		4D5AAE5C271DDB46008CC999 /* OpenBettingConsolleOnPadView.swift */ = {isa = PBXFileReference; lastKnownFileType = sourcecode.swift; path = OpenBettingConsolleOnPadView.swift; sourceTree = "<group>"; };
		4D5AAE5F271DDC14008CC999 /* PotOnPhoneView.swift */ = {isa = PBXFileReference; lastKnownFileType = sourcecode.swift; path = PotOnPhoneView.swift; sourceTree = "<group>"; };
		4D5AAE61271DDC32008CC999 /* PotOnPadView.swift */ = {isa = PBXFileReference; lastKnownFileType = sourcecode.swift; path = PotOnPadView.swift; sourceTree = "<group>"; };
		4D5AAE63271DDC70008CC999 /* StatRectangleOnTopView.swift */ = {isa = PBXFileReference; lastKnownFileType = sourcecode.swift; path = StatRectangleOnTopView.swift; sourceTree = "<group>"; };
		4D5AAE65271DDCA9008CC999 /* ScoreView.swift */ = {isa = PBXFileReference; lastKnownFileType = sourcecode.swift; path = ScoreView.swift; sourceTree = "<group>"; };
		4D5AAE67271DDD02008CC999 /* ButtonConsolleView.swift */ = {isa = PBXFileReference; lastKnownFileType = sourcecode.swift; path = ButtonConsolleView.swift; sourceTree = "<group>"; };
		4D61A7A127455A9900ECA297 /* ContentView.swift */ = {isa = PBXFileReference; lastKnownFileType = sourcecode.swift; path = ContentView.swift; sourceTree = "<group>"; };
		4D61A7A32745621800ECA297 /* TimeBankView.swift */ = {isa = PBXFileReference; lastKnownFileType = sourcecode.swift; path = TimeBankView.swift; sourceTree = "<group>"; };
		4D61A7AA274566B900ECA297 /* AlgoritmoTB.swift */ = {isa = PBXFileReference; lastKnownFileType = sourcecode.swift; path = AlgoritmoTB.swift; sourceTree = "<group>"; };
		4D61A7AD27456CD200ECA297 /* GameActionTB.swift */ = {isa = PBXFileReference; lastKnownFileType = sourcecode.swift; path = GameActionTB.swift; sourceTree = "<group>"; };
		4D61A7B027456FDF00ECA297 /* ButtonConsolleViewTB.swift */ = {isa = PBXFileReference; lastKnownFileType = sourcecode.swift; path = ButtonConsolleViewTB.swift; sourceTree = "<group>"; };
		4D61A7B3274570C800ECA297 /* AllCardsAvaibleTB.swift */ = {isa = PBXFileReference; lastKnownFileType = sourcecode.swift; path = AllCardsAvaibleTB.swift; sourceTree = "<group>"; };
		4D61A7B52746BAC100ECA297 /* BestScoreOverlayViewTB.swift */ = {isa = PBXFileReference; fileEncoding = 4; lastKnownFileType = sourcecode.swift; path = BestScoreOverlayViewTB.swift; sourceTree = "<group>"; };
		4D61A7B72746C7B800ECA297 /* ScoreViewTB.swift */ = {isa = PBXFileReference; fileEncoding = 4; lastKnownFileType = sourcecode.swift; path = ScoreViewTB.swift; sourceTree = "<group>"; };
		4D72A7DF272AF20A00237A04 /* PayOutView.swift */ = {isa = PBXFileReference; lastKnownFileType = sourcecode.swift; path = PayOutView.swift; sourceTree = "<group>"; };
		4D72A7E4272AFE2F00237A04 /* SoundManager.swift */ = {isa = PBXFileReference; lastKnownFileType = sourcecode.swift; path = SoundManager.swift; sourceTree = "<group>"; };
		4D72A7FE272DA28A00237A04 /* BankRollOverlayView.swift */ = {isa = PBXFileReference; lastKnownFileType = sourcecode.swift; path = BankRollOverlayView.swift; sourceTree = "<group>"; };
		4D72A800272EAD1700237A04 /* RulesOverlayView.swift */ = {isa = PBXFileReference; lastKnownFileType = sourcecode.swift; path = RulesOverlayView.swift; sourceTree = "<group>"; };
		4D72A803272EAFFB00237A04 /* GameKit.framework */ = {isa = PBXFileReference; lastKnownFileType = wrapper.framework; name = GameKit.framework; path = System/Library/Frameworks/GameKit.framework; sourceTree = SDKROOT; };
		4D72A806272F0AC000237A04 /* EnglishRulesView.swift */ = {isa = PBXFileReference; lastKnownFileType = sourcecode.swift; path = EnglishRulesView.swift; sourceTree = "<group>"; };
		4D72A808272F0B0800237A04 /* ItalianRulesView.swift */ = {isa = PBXFileReference; lastKnownFileType = sourcecode.swift; path = ItalianRulesView.swift; sourceTree = "<group>"; };
		4D72A80A272F0B1C00237A04 /* FrenchRulesView.swift */ = {isa = PBXFileReference; lastKnownFileType = sourcecode.swift; path = FrenchRulesView.swift; sourceTree = "<group>"; };
		4D72A80C272F0B2B00237A04 /* ChinaRulesView.swift */ = {isa = PBXFileReference; lastKnownFileType = sourcecode.swift; path = ChinaRulesView.swift; sourceTree = "<group>"; };
		4D72A80E272F10E800237A04 /* SpanishRulesView.swift */ = {isa = PBXFileReference; lastKnownFileType = sourcecode.swift; path = SpanishRulesView.swift; sourceTree = "<group>"; };
		4D72A81027306B0300237A04 /* TesterView.swift */ = {isa = PBXFileReference; lastKnownFileType = sourcecode.swift; path = TesterView.swift; sourceTree = "<group>"; };
		4D78A3FC2735DB310025A963 /* GameLevel.swift */ = {isa = PBXFileReference; lastKnownFileType = sourcecode.swift; path = GameLevel.swift; sourceTree = "<group>"; };
		4D78A3FE2737015E0025A963 /* GheraLivelliView.swift */ = {isa = PBXFileReference; lastKnownFileType = sourcecode.swift; path = GheraLivelliView.swift; sourceTree = "<group>"; };
		4D83397927070A600078DD2D /* ChipsView.swift */ = {isa = PBXFileReference; lastKnownFileType = sourcecode.swift; path = ChipsView.swift; sourceTree = "<group>"; };
		4D85C204271DF0300043857D /* SideMenuButtonsView.swift */ = {isa = PBXFileReference; lastKnownFileType = sourcecode.swift; path = SideMenuButtonsView.swift; sourceTree = "<group>"; };
		4DAE472D2715EA970097E353 /* PreFlopShufflingCards.swift */ = {isa = PBXFileReference; lastKnownFileType = sourcecode.swift; path = PreFlopShufflingCards.swift; sourceTree = "<group>"; };
		4DAE472F2715EAE80097E353 /* AllCardsAvaible.swift */ = {isa = PBXFileReference; lastKnownFileType = sourcecode.swift; path = AllCardsAvaible.swift; sourceTree = "<group>"; };
		4DAE47322715EB2A0097E353 /* MyCardsView.swift */ = {isa = PBXFileReference; lastKnownFileType = sourcecode.swift; path = MyCardsView.swift; sourceTree = "<group>"; };
		4DAE47342715EB5E0097E353 /* BoardView.swift */ = {isa = PBXFileReference; lastKnownFileType = sourcecode.swift; path = BoardView.swift; sourceTree = "<group>"; };
		4DAE47372716262C0097E353 /* Enum&Builder.swift */ = {isa = PBXFileReference; lastKnownFileType = sourcecode.swift; path = "Enum&Builder.swift"; sourceTree = "<group>"; };
		4DAE473927188BCA0097E353 /* GameAction.swift */ = {isa = PBXFileReference; lastKnownFileType = sourcecode.swift; path = GameAction.swift; sourceTree = "<group>"; };
		4DC35D33275D34ED009E5C9D /* CustomLoadingView.swift */ = {isa = PBXFileReference; lastKnownFileType = sourcecode.swift; path = CustomLoadingView.swift; sourceTree = "<group>"; };
		4DC35D35275D382A009E5C9D /* LaunchScreen.storyboard */ = {isa = PBXFileReference; lastKnownFileType = file.storyboard; path = LaunchScreen.storyboard; sourceTree = "<group>"; };
		4DD79E33274C2C6500DCB8DA /* RulesOverlayViewTB.swift */ = {isa = PBXFileReference; fileEncoding = 4; lastKnownFileType = sourcecode.swift; path = RulesOverlayViewTB.swift; sourceTree = "<group>"; };
		4DD79E35274C2C8800DCB8DA /* EnglishRulesViewTB.swift */ = {isa = PBXFileReference; fileEncoding = 4; lastKnownFileType = sourcecode.swift; path = EnglishRulesViewTB.swift; sourceTree = "<group>"; };
		4DD79E37274D54AB00DCB8DA /* FinalResultOverlayViewTB.swift */ = {isa = PBXFileReference; fileEncoding = 4; lastKnownFileType = sourcecode.swift; path = FinalResultOverlayViewTB.swift; sourceTree = "<group>"; };
		4DD79E39274EC93700DCB8DA /* TimeBankSelectionView.swift */ = {isa = PBXFileReference; lastKnownFileType = sourcecode.swift; path = TimeBankSelectionView.swift; sourceTree = "<group>"; };
		4DD79E3B274EC96300DCB8DA /* ClassicGameSelectionView.swift */ = {isa = PBXFileReference; lastKnownFileType = sourcecode.swift; path = ClassicGameSelectionView.swift; sourceTree = "<group>"; };
		4DD79E3D274EDD2700DCB8DA /* ExitButtonViewTB.swift */ = {isa = PBXFileReference; lastKnownFileType = sourcecode.swift; path = ExitButtonViewTB.swift; sourceTree = "<group>"; };
		4DDAB6AB26FDC50D00E1EA3F /* TexasHoldem.app */ = {isa = PBXFileReference; explicitFileType = wrapper.application; includeInIndex = 0; path = TexasHoldem.app; sourceTree = BUILT_PRODUCTS_DIR; };
		4DDAB6AE26FDC50D00E1EA3F /* TexasHoldemApp.swift */ = {isa = PBXFileReference; lastKnownFileType = sourcecode.swift; path = TexasHoldemApp.swift; sourceTree = "<group>"; };
		4DDAB6B226FDC51100E1EA3F /* Assets.xcassets */ = {isa = PBXFileReference; lastKnownFileType = folder.assetcatalog; path = Assets.xcassets; sourceTree = "<group>"; };
		4DDAB6B526FDC51100E1EA3F /* Preview Assets.xcassets */ = {isa = PBXFileReference; lastKnownFileType = folder.assetcatalog; path = "Preview Assets.xcassets"; sourceTree = "<group>"; };
		4DDAB6B726FDC51100E1EA3F /* Info.plist */ = {isa = PBXFileReference; lastKnownFileType = text.plist.xml; path = Info.plist; sourceTree = "<group>"; };
		4DDAB6BD26FDC55100E1EA3F /* ClassicGameView.swift */ = {isa = PBXFileReference; lastKnownFileType = sourcecode.swift; path = ClassicGameView.swift; sourceTree = "<group>"; };
		4DDAB6BF26FDD7DE00E1EA3F /* AlgoritmoGioco.swift */ = {isa = PBXFileReference; lastKnownFileType = sourcecode.swift; path = AlgoritmoGioco.swift; sourceTree = "<group>"; };
		4DE7B01C2766789C003E4633 /* GoogleService-Info.plist */ = {isa = PBXFileReference; fileEncoding = 4; lastKnownFileType = text.plist.xml; path = "GoogleService-Info.plist"; sourceTree = "<group>"; };
		4DE7B02027667915003E4633 /* coindrop.mp3 */ = {isa = PBXFileReference; lastKnownFileType = audio.mp3; path = coindrop.mp3; sourceTree = "<group>"; };
		4DE7B0222766794A003E4633 /* lose.mp3 */ = {isa = PBXFileReference; lastKnownFileType = audio.mp3; path = lose.mp3; sourceTree = "<group>"; };
		4DE7B02427667963003E4633 /* allin.mp3 */ = {isa = PBXFileReference; lastKnownFileType = audio.mp3; path = allin.mp3; sourceTree = "<group>"; };
		4DE7B02627667997003E4633 /* success.mp3 */ = {isa = PBXFileReference; lastKnownFileType = audio.mp3; path = success.mp3; sourceTree = "<group>"; };
		4DE7B028276679E9003E4633 /* cardClip.mp3 */ = {isa = PBXFileReference; lastKnownFileType = audio.mp3; path = cardClip.mp3; sourceTree = "<group>"; };
		4DE7B029276679EA003E4633 /* check.mp3 */ = {isa = PBXFileReference; lastKnownFileType = audio.mp3; path = check.mp3; sourceTree = "<group>"; };
		4DE7B02A276679EA003E4633 /* cardShuffler.mp3 */ = {isa = PBXFileReference; lastKnownFileType = audio.mp3; path = cardShuffler.mp3; sourceTree = "<group>"; };
		4DEF954D27220256005B97CE /* FinalResultOverlayView.swift */ = {isa = PBXFileReference; lastKnownFileType = sourcecode.swift; path = FinalResultOverlayView.swift; sourceTree = "<group>"; };
/* End PBXFileReference section */

/* Begin PBXFrameworksBuildPhase section */
		4DDAB6A826FDC50D00E1EA3F /* Frameworks */ = {
			isa = PBXFrameworksBuildPhase;
			buildActionMask = 2147483647;
			files = (
				4D72A804272EAFFB00237A04 /* GameKit.framework in Frameworks */,
				4D3CD02327626D2F0067A3CD /* FirebaseFirestore in Frameworks */,
			);
			runOnlyForDeploymentPostprocessing = 0;
		};
/* End PBXFrameworksBuildPhase section */

/* Begin PBXGroup section */
		4D5AAE58271DD82F008CC999 /* Obsolete */ = {
			isa = PBXGroup;
			children = (
				4D72A81027306B0300237A04 /* TesterView.swift */,
				4D57BDEE270EFA7F00778D08 /* FondoTableView.swift */,
			);
			path = Obsolete;
			sourceTree = "<group>";
		};
		4D5AAE59271DD879008CC999 /* BettingConsolle */ = {
			isa = PBXGroup;
			children = (
				4D5AAE5A271DD890008CC999 /* OpenBettingConsolleOnPhoneView.swift */,
				4D5AAE5C271DDB46008CC999 /* OpenBettingConsolleOnPadView.swift */,
				4D36EBD42757DDF900761A63 /* BettingConsolleOnPhoneView.swift */,
				4D36EBD62759236000761A63 /* BettingConsolleOnPadView.swift */,
			);
			path = BettingConsolle;
			sourceTree = "<group>";
		};
		4D5AAE5E271DDBFB008CC999 /* PotView */ = {
			isa = PBXGroup;
			children = (
				4D5AAE5F271DDC14008CC999 /* PotOnPhoneView.swift */,
				4D5AAE61271DDC32008CC999 /* PotOnPadView.swift */,
			);
			path = PotView;
			sourceTree = "<group>";
		};
		4D61A7A72745668400ECA297 /* AlgoritmoGioco */ = {
			isa = PBXGroup;
			children = (
				4DDAB6BF26FDD7DE00E1EA3F /* AlgoritmoGioco.swift */,
				4D61A7AA274566B900ECA297 /* AlgoritmoTB.swift */,
			);
			path = AlgoritmoGioco;
			sourceTree = "<group>";
		};
		4D61A7AC27456CAF00ECA297 /* GameAction */ = {
			isa = PBXGroup;
			children = (
				4DAE473927188BCA0097E353 /* GameAction.swift */,
				4D61A7AD27456CD200ECA297 /* GameActionTB.swift */,
			);
			path = GameAction;
			sourceTree = "<group>";
		};
		4D61A7AF27456FC100ECA297 /* ButtonConsolle */ = {
			isa = PBXGroup;
			children = (
				4D5AAE67271DDD02008CC999 /* ButtonConsolleView.swift */,
				4D61A7B027456FDF00ECA297 /* ButtonConsolleViewTB.swift */,
			);
			path = ButtonConsolle;
			sourceTree = "<group>";
		};
		4D61A7B2274570AC00ECA297 /* AllCardsAvaible */ = {
			isa = PBXGroup;
			children = (
				4DAE472F2715EAE80097E353 /* AllCardsAvaible.swift */,
				4D61A7B3274570C800ECA297 /* AllCardsAvaibleTB.swift */,
			);
			path = AllCardsAvaible;
			sourceTree = "<group>";
		};
		4D72A7E3272AFE1C00237A04 /* Sound */ = {
			isa = PBXGroup;
			children = (
				4DE7B02027667915003E4633 /* coindrop.mp3 */,
				4DE7B028276679E9003E4633 /* cardClip.mp3 */,
				4DE7B02A276679EA003E4633 /* cardShuffler.mp3 */,
				4DE7B029276679EA003E4633 /* check.mp3 */,
				4DE7B02627667997003E4633 /* success.mp3 */,
				4DE7B02427667963003E4633 /* allin.mp3 */,
				4DE7B0222766794A003E4633 /* lose.mp3 */,
			);
			path = Sound;
			sourceTree = "<group>";
		};
		4D72A802272EAFFB00237A04 /* Frameworks */ = {
			isa = PBXGroup;
			children = (
				4D72A803272EAFFB00237A04 /* GameKit.framework */,
			);
			name = Frameworks;
			sourceTree = "<group>";
		};
		4D72A805272F0A8A00237A04 /* Rules-Language */ = {
			isa = PBXGroup;
			children = (
				4D72A806272F0AC000237A04 /* EnglishRulesView.swift */,
				4D72A808272F0B0800237A04 /* ItalianRulesView.swift */,
				4D72A80A272F0B1C00237A04 /* FrenchRulesView.swift */,
				4D72A80C272F0B2B00237A04 /* ChinaRulesView.swift */,
				4D72A80E272F10E800237A04 /* SpanishRulesView.swift */,
			);
			path = "Rules-Language";
			sourceTree = "<group>";
		};
		4DAE47312715EAF40097E353 /* TableViewComposition */ = {
			isa = PBXGroup;
			children = (
				4DEF954C2722021A005B97CE /* OverlayConditionalView */,
				4D5AAE5E271DDBFB008CC999 /* PotView */,
				4D5AAE59271DD879008CC999 /* BettingConsolle */,
				4D61A7B2274570AC00ECA297 /* AllCardsAvaible */,
				4DAE472D2715EA970097E353 /* PreFlopShufflingCards.swift */,
				4DAE47322715EB2A0097E353 /* MyCardsView.swift */,
				4DAE47342715EB5E0097E353 /* BoardView.swift */,
				4D5AAE65271DDCA9008CC999 /* ScoreView.swift */,
				4D61A7B72746C7B800ECA297 /* ScoreViewTB.swift */,
				4D61A7AF27456FC100ECA297 /* ButtonConsolle */,
			);
			path = TableViewComposition;
			sourceTree = "<group>";
		};
		4DAE4736271625C80097E353 /* SubView */ = {
			isa = PBXGroup;
			children = (
				4D85C204271DF0300043857D /* SideMenuButtonsView.swift */,
				4D83397927070A600078DD2D /* ChipsView.swift */,
				4D5AAE63271DDC70008CC999 /* StatRectangleOnTopView.swift */,
				4D72A7DF272AF20A00237A04 /* PayOutView.swift */,
				4D78A3FE2737015E0025A963 /* GheraLivelliView.swift */,
				4DD79E39274EC93700DCB8DA /* TimeBankSelectionView.swift */,
				4DD79E3B274EC96300DCB8DA /* ClassicGameSelectionView.swift */,
				4DD79E3D274EDD2700DCB8DA /* ExitButtonViewTB.swift */,
			);
			path = SubView;
			sourceTree = "<group>";
		};
		4DAE473B27188BD60097E353 /* Publisher */ = {
			isa = PBXGroup;
			children = (
				4D61A7A72745668400ECA297 /* AlgoritmoGioco */,
				4D61A7AC27456CAF00ECA297 /* GameAction */,
				4D78A3FC2735DB310025A963 /* GameLevel.swift */,
			);
			path = Publisher;
			sourceTree = "<group>";
		};
		4DD79E32274C2BF200DCB8DA /* Rules_LanguageTB */ = {
			isa = PBXGroup;
			children = (
				4DD79E35274C2C8800DCB8DA /* EnglishRulesViewTB.swift */,
				4D0DFF87275E5C9700397BED /* ItalianRulesViewTB.swift */,
			);
			path = Rules_LanguageTB;
			sourceTree = "<group>";
		};
		4DDAB6A226FDC50D00E1EA3F = {
			isa = PBXGroup;
			children = (
				4DDAB6AD26FDC50D00E1EA3F /* TexasHoldem */,
				4DDAB6AC26FDC50D00E1EA3F /* Products */,
				4D72A802272EAFFB00237A04 /* Frameworks */,
			);
			sourceTree = "<group>";
		};
		4DDAB6AC26FDC50D00E1EA3F /* Products */ = {
			isa = PBXGroup;
			children = (
				4DDAB6AB26FDC50D00E1EA3F /* TexasHoldem.app */,
			);
			name = Products;
			sourceTree = "<group>";
		};
		4DDAB6AD26FDC50D00E1EA3F /* TexasHoldem */ = {
			isa = PBXGroup;
			children = (
				4DDAB6AE26FDC50D00E1EA3F /* TexasHoldemApp.swift */,
				4D61A7A127455A9900ECA297 /* ContentView.swift */,
				4DDAB6BD26FDC55100E1EA3F /* ClassicGameView.swift */,
				4D61A7A32745621800ECA297 /* TimeBankView.swift */,
				4DAE47312715EAF40097E353 /* TableViewComposition */,
				4DAE4736271625C80097E353 /* SubView */,
				4DE02547272310CB00D84438 /* Structure */,
				4D5AAE58271DD82F008CC999 /* Obsolete */,
				4DDAB6B226FDC51100E1EA3F /* Assets.xcassets */,
				4DDAB6B726FDC51100E1EA3F /* Info.plist */,
				4DE7B01C2766789C003E4633 /* GoogleService-Info.plist */,
				4DDAB6B426FDC51100E1EA3F /* Preview Content */,
				4DC35D35275D382A009E5C9D /* LaunchScreen.storyboard */,
			);
			path = TexasHoldem;
			sourceTree = "<group>";
		};
		4DDAB6B426FDC51100E1EA3F /* Preview Content */ = {
			isa = PBXGroup;
			children = (
				4DDAB6B526FDC51100E1EA3F /* Preview Assets.xcassets */,
			);
			path = "Preview Content";
			sourceTree = "<group>";
		};
		4DE02547272310CB00D84438 /* Structure */ = {
			isa = PBXGroup;
			children = (
				4D72A7E3272AFE1C00237A04 /* Sound */,
				4DAE473B27188BD60097E353 /* Publisher */,
				4DAE47372716262C0097E353 /* Enum&Builder.swift */,
				4D72A7E4272AFE2F00237A04 /* SoundManager.swift */,
			);
			path = Structure;
			sourceTree = "<group>";
		};
		4DEF954C2722021A005B97CE /* OverlayConditionalView */ = {
			isa = PBXGroup;
			children = (
				4DEF954D27220256005B97CE /* FinalResultOverlayView.swift */,
				4DD79E37274D54AB00DCB8DA /* FinalResultOverlayViewTB.swift */,
				4D61A7B52746BAC100ECA297 /* BestScoreOverlayViewTB.swift */,
				4D72A7FE272DA28A00237A04 /* BankRollOverlayView.swift */,
				4D72A800272EAD1700237A04 /* RulesOverlayView.swift */,
				4DD79E33274C2C6500DCB8DA /* RulesOverlayViewTB.swift */,
				4DC35D33275D34ED009E5C9D /* CustomLoadingView.swift */,
				4DD79E32274C2BF200DCB8DA /* Rules_LanguageTB */,
				4D72A805272F0A8A00237A04 /* Rules-Language */,
			);
			path = OverlayConditionalView;
			sourceTree = "<group>";
		};
/* End PBXGroup section */

/* Begin PBXNativeTarget section */
		4DDAB6AA26FDC50D00E1EA3F /* TexasHoldem */ = {
			isa = PBXNativeTarget;
			buildConfigurationList = 4DDAB6BA26FDC51100E1EA3F /* Build configuration list for PBXNativeTarget "TexasHoldem" */;
			buildPhases = (
				4DDAB6A726FDC50D00E1EA3F /* Sources */,
				4DDAB6A826FDC50D00E1EA3F /* Frameworks */,
				4DDAB6A926FDC50D00E1EA3F /* Resources */,
			);
			buildRules = (
			);
			dependencies = (
			);
			name = TexasHoldem;
			packageProductDependencies = (
				4D3CD02227626D2F0067A3CD /* FirebaseFirestore */,
			);
			productName = TexasHoldem;
			productReference = 4DDAB6AB26FDC50D00E1EA3F /* TexasHoldem.app */;
			productType = "com.apple.product-type.application";
		};
/* End PBXNativeTarget section */

/* Begin PBXProject section */
		4DDAB6A326FDC50D00E1EA3F /* Project object */ = {
			isa = PBXProject;
			attributes = {
				LastSwiftUpdateCheck = 1250;
				LastUpgradeCheck = 1250;
				TargetAttributes = {
					4DDAB6AA26FDC50D00E1EA3F = {
						CreatedOnToolsVersion = 12.5.1;
					};
				};
			};
			buildConfigurationList = 4DDAB6A626FDC50D00E1EA3F /* Build configuration list for PBXProject "TexasHoldem" */;
			compatibilityVersion = "Xcode 9.3";
			developmentRegion = en;
			hasScannedForEncodings = 0;
			knownRegions = (
				en,
				Base,
			);
			mainGroup = 4DDAB6A226FDC50D00E1EA3F;
			packageReferences = (
				4D3CD02127626D2F0067A3CD /* XCRemoteSwiftPackageReference "firebase-ios-sdk" */,
			);
			productRefGroup = 4DDAB6AC26FDC50D00E1EA3F /* Products */;
			projectDirPath = "";
			projectRoot = "";
			targets = (
				4DDAB6AA26FDC50D00E1EA3F /* TexasHoldem */,
			);
		};
/* End PBXProject section */

/* Begin PBXResourcesBuildPhase section */
		4DDAB6A926FDC50D00E1EA3F /* Resources */ = {
			isa = PBXResourcesBuildPhase;
			buildActionMask = 2147483647;
			files = (
				4DDAB6B626FDC51100E1EA3F /* Preview Assets.xcassets in Resources */,
				4DC35D36275D382A009E5C9D /* LaunchScreen.storyboard in Resources */,
				4DE7B02127667915003E4633 /* coindrop.mp3 in Resources */,
				4DE7B01D2766789C003E4633 /* GoogleService-Info.plist in Resources */,
				4DE7B02D276679EA003E4633 /* cardShuffler.mp3 in Resources */,
				4DE7B02727667997003E4633 /* success.mp3 in Resources */,
				4DE7B02B276679EA003E4633 /* cardClip.mp3 in Resources */,
				4DDAB6B326FDC51100E1EA3F /* Assets.xcassets in Resources */,
				4DE7B0232766794A003E4633 /* lose.mp3 in Resources */,
				4DE7B02527667963003E4633 /* allin.mp3 in Resources */,
				4DE7B02C276679EA003E4633 /* check.mp3 in Resources */,
			);
			runOnlyForDeploymentPostprocessing = 0;
		};
/* End PBXResourcesBuildPhase section */

/* Begin PBXSourcesBuildPhase section */
		4DDAB6A726FDC50D00E1EA3F /* Sources */ = {
			isa = PBXSourcesBuildPhase;
			buildActionMask = 2147483647;
			files = (
				4D72A7E0272AF20A00237A04 /* PayOutView.swift in Sources */,
				4D72A809272F0B0800237A04 /* ItalianRulesView.swift in Sources */,
				4D61A7B82746C7B800ECA297 /* ScoreViewTB.swift in Sources */,
				4D72A801272EAD1700237A04 /* RulesOverlayView.swift in Sources */,
				4DAE47332715EB2A0097E353 /* MyCardsView.swift in Sources */,
				4DD79E38274D54AB00DCB8DA /* FinalResultOverlayViewTB.swift in Sources */,
				4D72A80D272F0B2B00237A04 /* ChinaRulesView.swift in Sources */,
				4D72A80F272F10E800237A04 /* SpanishRulesView.swift in Sources */,
				4D5AAE60271DDC14008CC999 /* PotOnPhoneView.swift in Sources */,
				4D57BDEF270EFA7F00778D08 /* FondoTableView.swift in Sources */,
				4D5AAE5D271DDB47008CC999 /* OpenBettingConsolleOnPadView.swift in Sources */,
				4D78A3FF2737015E0025A963 /* GheraLivelliView.swift in Sources */,
				4D72A80B272F0B1C00237A04 /* FrenchRulesView.swift in Sources */,
				4D61A7B62746BAC100ECA297 /* BestScoreOverlayViewTB.swift in Sources */,
				4DAE47302715EAE80097E353 /* AllCardsAvaible.swift in Sources */,
				4DAE47382716262C0097E353 /* Enum&Builder.swift in Sources */,
				4DAE472E2715EA970097E353 /* PreFlopShufflingCards.swift in Sources */,
				4DDAB6BE26FDC55100E1EA3F /* ClassicGameView.swift in Sources */,
				4D5AAE64271DDC70008CC999 /* StatRectangleOnTopView.swift in Sources */,
				4DAE473A27188BCC0097E353 /* GameAction.swift in Sources */,
				4D61A7A42745621800ECA297 /* TimeBankView.swift in Sources */,
				4D5AAE68271DDD02008CC999 /* ButtonConsolleView.swift in Sources */,
				4D36EBD72759236000761A63 /* BettingConsolleOnPadView.swift in Sources */,
				4D72A7E5272AFE2F00237A04 /* SoundManager.swift in Sources */,
				4D72A7FF272DA28A00237A04 /* BankRollOverlayView.swift in Sources */,
				4D61A7A227455A9900ECA297 /* ContentView.swift in Sources */,
				4D61A7AE27456CD200ECA297 /* GameActionTB.swift in Sources */,
				4D5AAE66271DDCA9008CC999 /* ScoreView.swift in Sources */,
				4D72A81127306B0300237A04 /* TesterView.swift in Sources */,
				4D72A807272F0AC000237A04 /* EnglishRulesView.swift in Sources */,
				4DEF954E27220256005B97CE /* FinalResultOverlayView.swift in Sources */,
				4D0DFF88275E5C9700397BED /* ItalianRulesViewTB.swift in Sources */,
				4DD79E3A274EC93700DCB8DA /* TimeBankSelectionView.swift in Sources */,
				4D83397A27070A600078DD2D /* ChipsView.swift in Sources */,
				4DAE47352715EB5E0097E353 /* BoardView.swift in Sources */,
				4D36EBD52757DDF900761A63 /* BettingConsolleOnPhoneView.swift in Sources */,
				4DD79E36274C2C8800DCB8DA /* EnglishRulesViewTB.swift in Sources */,
				4DDAB6C026FDD7DE00E1EA3F /* AlgoritmoGioco.swift in Sources */,
				4DC35D34275D34ED009E5C9D /* CustomLoadingView.swift in Sources */,
				4DD79E34274C2C6500DCB8DA /* RulesOverlayViewTB.swift in Sources */,
				4D61A7AB274566B900ECA297 /* AlgoritmoTB.swift in Sources */,
				4DD79E3E274EDD2700DCB8DA /* ExitButtonViewTB.swift in Sources */,
				4D85C205271DF0300043857D /* SideMenuButtonsView.swift in Sources */,
				4D61A7B4274570C800ECA297 /* AllCardsAvaibleTB.swift in Sources */,
				4D78A3FD2735DB310025A963 /* GameLevel.swift in Sources */,
				4D5AAE62271DDC32008CC999 /* PotOnPadView.swift in Sources */,
				4DD79E3C274EC96300DCB8DA /* ClassicGameSelectionView.swift in Sources */,
				4D61A7B127456FDF00ECA297 /* ButtonConsolleViewTB.swift in Sources */,
				4DDAB6AF26FDC50D00E1EA3F /* TexasHoldemApp.swift in Sources */,
				4D5AAE5B271DD890008CC999 /* OpenBettingConsolleOnPhoneView.swift in Sources */,
			);
			runOnlyForDeploymentPostprocessing = 0;
		};
/* End PBXSourcesBuildPhase section */

/* Begin XCBuildConfiguration section */
		4DDAB6B826FDC51100E1EA3F /* Debug */ = {
			isa = XCBuildConfiguration;
			buildSettings = {
				ALWAYS_SEARCH_USER_PATHS = NO;
				CLANG_ANALYZER_NONNULL = YES;
				CLANG_ANALYZER_NUMBER_OBJECT_CONVERSION = YES_AGGRESSIVE;
				CLANG_CXX_LANGUAGE_STANDARD = "compiler-default";
				CLANG_CXX_LIBRARY = "compiler-default";
				CLANG_ENABLE_MODULES = NO;
				CLANG_ENABLE_OBJC_ARC = YES;
				CLANG_ENABLE_OBJC_WEAK = YES;
				CLANG_WARN_BLOCK_CAPTURE_AUTORELEASING = YES;
				CLANG_WARN_BOOL_CONVERSION = YES;
				CLANG_WARN_COMMA = YES;
				CLANG_WARN_CONSTANT_CONVERSION = YES;
				CLANG_WARN_DEPRECATED_OBJC_IMPLEMENTATIONS = YES;
				CLANG_WARN_DIRECT_OBJC_ISA_USAGE = YES_ERROR;
				CLANG_WARN_DOCUMENTATION_COMMENTS = YES;
				CLANG_WARN_EMPTY_BODY = YES;
				CLANG_WARN_ENUM_CONVERSION = YES;
				CLANG_WARN_INFINITE_RECURSION = YES;
				CLANG_WARN_INT_CONVERSION = YES;
				CLANG_WARN_NON_LITERAL_NULL_CONVERSION = YES;
				CLANG_WARN_OBJC_IMPLICIT_RETAIN_SELF = YES;
				CLANG_WARN_OBJC_LITERAL_CONVERSION = YES;
				CLANG_WARN_OBJC_ROOT_CLASS = YES_ERROR;
				CLANG_WARN_QUOTED_INCLUDE_IN_FRAMEWORK_HEADER = YES;
				CLANG_WARN_RANGE_LOOP_ANALYSIS = YES;
				CLANG_WARN_STRICT_PROTOTYPES = YES;
				CLANG_WARN_SUSPICIOUS_MOVE = YES;
				CLANG_WARN_UNGUARDED_AVAILABILITY = YES_AGGRESSIVE;
				CLANG_WARN_UNREACHABLE_CODE = YES;
				CLANG_WARN__DUPLICATE_METHOD_MATCH = YES;
				COPY_PHASE_STRIP = YES;
				DEBUG_INFORMATION_FORMAT = dwarf;
				ENABLE_STRICT_OBJC_MSGSEND = YES;
				ENABLE_TESTABILITY = NO;
				GCC_C_LANGUAGE_STANDARD = "compiler-default";
				GCC_DYNAMIC_NO_PIC = NO;
				GCC_NO_COMMON_BLOCKS = NO;
				GCC_OPTIMIZATION_LEVEL = s;
				GCC_PREPROCESSOR_DEFINITIONS = (
					"DEBUG=1",
					"$(inherited)",
				);
				GCC_WARN_64_TO_32_BIT_CONVERSION = YES;
				GCC_WARN_ABOUT_RETURN_TYPE = YES_ERROR;
				GCC_WARN_UNDECLARED_SELECTOR = YES;
				GCC_WARN_UNINITIALIZED_AUTOS = YES_AGGRESSIVE;
				GCC_WARN_UNUSED_FUNCTION = YES;
				GCC_WARN_UNUSED_VARIABLE = YES;
				IPHONEOS_DEPLOYMENT_TARGET = 14.5;
				MTL_ENABLE_DEBUG_INFO = INCLUDE_SOURCE;
				MTL_FAST_MATH = YES;
				ONLY_ACTIVE_ARCH = NO;
				OTHER_LDFLAGS = (
					"$(OTHER_LDFLAGS)",
					"-ObjC",
				);
				SDKROOT = iphoneos;
				SWIFT_ACTIVE_COMPILATION_CONDITIONS = DEBUG;
				SWIFT_OPTIMIZATION_LEVEL = "-Onone";
			};
			name = Debug;
		};
		4DDAB6B926FDC51100E1EA3F /* Release */ = {
			isa = XCBuildConfiguration;
			buildSettings = {
				ALWAYS_SEARCH_USER_PATHS = NO;
				CLANG_ANALYZER_NONNULL = YES;
				CLANG_ANALYZER_NUMBER_OBJECT_CONVERSION = YES_AGGRESSIVE;
				CLANG_CXX_LANGUAGE_STANDARD = "compiler-default";
				CLANG_CXX_LIBRARY = "compiler-default";
				CLANG_ENABLE_MODULES = NO;
				CLANG_ENABLE_OBJC_ARC = YES;
				CLANG_ENABLE_OBJC_WEAK = YES;
				CLANG_WARN_BLOCK_CAPTURE_AUTORELEASING = YES;
				CLANG_WARN_BOOL_CONVERSION = YES;
				CLANG_WARN_COMMA = YES;
				CLANG_WARN_CONSTANT_CONVERSION = YES;
				CLANG_WARN_DEPRECATED_OBJC_IMPLEMENTATIONS = YES;
				CLANG_WARN_DIRECT_OBJC_ISA_USAGE = YES_ERROR;
				CLANG_WARN_DOCUMENTATION_COMMENTS = YES;
				CLANG_WARN_EMPTY_BODY = YES;
				CLANG_WARN_ENUM_CONVERSION = YES;
				CLANG_WARN_INFINITE_RECURSION = YES;
				CLANG_WARN_INT_CONVERSION = YES;
				CLANG_WARN_NON_LITERAL_NULL_CONVERSION = YES;
				CLANG_WARN_OBJC_IMPLICIT_RETAIN_SELF = YES;
				CLANG_WARN_OBJC_LITERAL_CONVERSION = YES;
				CLANG_WARN_OBJC_ROOT_CLASS = YES_ERROR;
				CLANG_WARN_QUOTED_INCLUDE_IN_FRAMEWORK_HEADER = YES;
				CLANG_WARN_RANGE_LOOP_ANALYSIS = YES;
				CLANG_WARN_STRICT_PROTOTYPES = YES;
				CLANG_WARN_SUSPICIOUS_MOVE = YES;
				CLANG_WARN_UNGUARDED_AVAILABILITY = YES_AGGRESSIVE;
				CLANG_WARN_UNREACHABLE_CODE = YES;
				CLANG_WARN__DUPLICATE_METHOD_MATCH = YES;
				COPY_PHASE_STRIP = YES;
				DEBUG_INFORMATION_FORMAT = "dwarf-with-dsym";
				ENABLE_NS_ASSERTIONS = NO;
				ENABLE_STRICT_OBJC_MSGSEND = YES;
				GCC_C_LANGUAGE_STANDARD = "compiler-default";
				GCC_NO_COMMON_BLOCKS = NO;
				GCC_WARN_64_TO_32_BIT_CONVERSION = YES;
				GCC_WARN_ABOUT_RETURN_TYPE = YES_ERROR;
				GCC_WARN_UNDECLARED_SELECTOR = YES;
				GCC_WARN_UNINITIALIZED_AUTOS = YES_AGGRESSIVE;
				GCC_WARN_UNUSED_FUNCTION = YES;
				GCC_WARN_UNUSED_VARIABLE = YES;
				IPHONEOS_DEPLOYMENT_TARGET = 14.5;
				MTL_ENABLE_DEBUG_INFO = NO;
				MTL_FAST_MATH = YES;
				OTHER_LDFLAGS = (
					"$(OTHER_LDFLAGS)",
					"-ObjC",
				);
				SDKROOT = iphoneos;
				SWIFT_COMPILATION_MODE = wholemodule;
				SWIFT_OPTIMIZATION_LEVEL = "-O";
				VALIDATE_PRODUCT = YES;
			};
			name = Release;
		};
		4DDAB6BB26FDC51100E1EA3F /* Debug */ = {
			isa = XCBuildConfiguration;
			buildSettings = {
				ASSETCATALOG_COMPILER_APPICON_NAME = "AppIcon-53C";
				ASSETCATALOG_COMPILER_GLOBAL_ACCENT_COLOR_NAME = AccentColor;
				CODE_SIGN_STYLE = Automatic;
				CURRENT_PROJECT_VERSION = 12;
				DEVELOPMENT_ASSET_PATHS = "\"TexasHoldem/Preview Content\"";
				DEVELOPMENT_TEAM = 2HR732K89Z;
				ENABLE_PREVIEWS = YES;
				ENABLE_TESTABILITY = NO;
				FRAMEWORK_SEARCH_PATHS = "";
				HEADER_SEARCH_PATHS = "";
				INFOPLIST_FILE = TexasHoldem/Info.plist;
				IPHONEOS_DEPLOYMENT_TARGET = 14.0;
				LD_RUNPATH_SEARCH_PATHS = (
					"$(inherited)",
					"@executable_path/Frameworks",
				);
				MARKETING_VERSION = 1.0;
				PRODUCT_BUNDLE_IDENTIFIER = "calogero-friscia.TexasHoldem";
				PRODUCT_NAME = "$(TARGET_NAME)";
				SWIFT_VERSION = 5.0;
				TARGETED_DEVICE_FAMILY = "1,2";
			};
			name = Debug;
		};
		4DDAB6BC26FDC51100E1EA3F /* Release */ = {
			isa = XCBuildConfiguration;
			buildSettings = {
				ASSETCATALOG_COMPILER_APPICON_NAME = "AppIcon-53C";
				ASSETCATALOG_COMPILER_GLOBAL_ACCENT_COLOR_NAME = AccentColor;
				CODE_SIGN_STYLE = Automatic;
				CURRENT_PROJECT_VERSION = 12;
				DEVELOPMENT_ASSET_PATHS = "\"TexasHoldem/Preview Content\"";
				DEVELOPMENT_TEAM = 2HR732K89Z;
				ENABLE_PREVIEWS = YES;
				ENABLE_TESTABILITY = NO;
				FRAMEWORK_SEARCH_PATHS = "";
				HEADER_SEARCH_PATHS = "";
				INFOPLIST_FILE = TexasHoldem/Info.plist;
				IPHONEOS_DEPLOYMENT_TARGET = 14.0;
				LD_RUNPATH_SEARCH_PATHS = (
					"$(inherited)",
					"@executable_path/Frameworks",
				);
				MARKETING_VERSION = 1.0;
				PRODUCT_BUNDLE_IDENTIFIER = "calogero-friscia.TexasHoldem";
				PRODUCT_NAME = "$(TARGET_NAME)";
				SWIFT_VERSION = 5.0;
				TARGETED_DEVICE_FAMILY = "1,2";
			};
			name = Release;
		};
/* End XCBuildConfiguration section */

/* Begin XCConfigurationList section */
		4DDAB6A626FDC50D00E1EA3F /* Build configuration list for PBXProject "TexasHoldem" */ = {
			isa = XCConfigurationList;
			buildConfigurations = (
				4DDAB6B826FDC51100E1EA3F /* Debug */,
				4DDAB6B926FDC51100E1EA3F /* Release */,
			);
			defaultConfigurationIsVisible = 0;
			defaultConfigurationName = Release;
		};
		4DDAB6BA26FDC51100E1EA3F /* Build configuration list for PBXNativeTarget "TexasHoldem" */ = {
			isa = XCConfigurationList;
			buildConfigurations = (
				4DDAB6BB26FDC51100E1EA3F /* Debug */,
				4DDAB6BC26FDC51100E1EA3F /* Release */,
			);
			defaultConfigurationIsVisible = 0;
			defaultConfigurationName = Release;
		};
/* End XCConfigurationList section */

/* Begin XCRemoteSwiftPackageReference section */
		4D3CD02127626D2F0067A3CD /* XCRemoteSwiftPackageReference "firebase-ios-sdk" */ = {
			isa = XCRemoteSwiftPackageReference;
			repositoryURL = "https://github.com/firebase/firebase-ios-sdk";
			requirement = {
				kind = upToNextMajorVersion;
				minimumVersion = 8.0.0;
			};
		};
/* End XCRemoteSwiftPackageReference section */

/* Begin XCSwiftPackageProductDependency section */
		4D3CD02227626D2F0067A3CD /* FirebaseFirestore */ = {
			isa = XCSwiftPackageProductDependency;
			package = 4D3CD02127626D2F0067A3CD /* XCRemoteSwiftPackageReference "firebase-ios-sdk" */;
			productName = FirebaseFirestore;
		};
/* End XCSwiftPackageProductDependency section */
	};
	rootObject = 4DDAB6A326FDC50D00E1EA3F /* Project object */;
}
